
Microsoft Visual Studio Solution File, Format Version 12.00
# Visual Studio Version 16
VisualStudioVersion = 16.0.30114.105
MinimumVisualStudioVersion = 10.0.40219.1
Project("{FAE04EC0-301F-11D3-BF4B-00C04F79EFBC}") = "test", "test\test.csproj", "{A3408A3E-A5EF-4009-86C9-DC5688022FCD}"
EndProject
Project("{FAE04EC0-301F-11D3-BF4B-00C04F79EFBC}") = "PogingDrie", "PogingDrie\PogingDrie.csproj", "{B1442E63-2987-4F29-AE27-397072BA1634}"
EndProject
Global
	GlobalSection(SolutionConfigurationPlatforms) = preSolution
		Debug|Any CPU = Debug|Any CPU
		Release|Any CPU = Release|Any CPU
	EndGlobalSection
	GlobalSection(SolutionProperties) = preSolution
		HideSolutionNode = FALSE
	EndGlobalSection
	GlobalSection(ProjectConfigurationPlatforms) = postSolution
		{A3408A3E-A5EF-4009-86C9-DC5688022FCD}.Debug|Any CPU.ActiveCfg = Debug|Any CPU
		{A3408A3E-A5EF-4009-86C9-DC5688022FCD}.Debug|Any CPU.Build.0 = Debug|Any CPU
		{A3408A3E-A5EF-4009-86C9-DC5688022FCD}.Release|Any CPU.ActiveCfg = Release|Any CPU
		{A3408A3E-A5EF-4009-86C9-DC5688022FCD}.Release|Any CPU.Build.0 = Release|Any CPU
		{B1442E63-2987-4F29-AE27-397072BA1634}.Debug|Any CPU.ActiveCfg = Debug|Any CPU
		{B1442E63-2987-4F29-AE27-397072BA1634}.Debug|Any CPU.Build.0 = Debug|Any CPU
		{B1442E63-2987-4F29-AE27-397072BA1634}.Release|Any CPU.ActiveCfg = Release|Any CPU
		{B1442E63-2987-4F29-AE27-397072BA1634}.Release|Any CPU.Build.0 = Release|Any CPU
	EndGlobalSection
EndGlobal
